{
  "name": "dragonbones-phaser",
  "version": "5.6.2",
  "lockfileVersion": 1,
  "requires": true,
  "dependencies": {
    "typescript": {
      "version": "2.9.2",
      "resolved": "https://registry.nlark.com/typescript/download/typescript-2.9.2.tgz",
      "integrity": "sha1-HL9h0F1rliaSROtqO85L2RTg8Aw=",
      "dev": true
    },
    "uglify-js": {
      "version": "3.14.1",
      "resolved": "https://registry.nlark.com/uglify-js/download/uglify-js-3.14.1.tgz?cache=0&sync_timestamp=1627379699154&other_urls=https%3A%2F%2Fregistry.nlark.com%2Fuglify-js%2Fdownload%2Fuglify-js-3.14.1.tgz",
      "integrity": "sha1-4suf4025y0z3410dJt/qKOCafQY=",
      "dev": true
    }
  }
}
